// !$*UTF8*$!
{
	archiveVersion = 1;
	classes = {
	};
	objectVersion = 48;
	objects = {

/* Begin PBXBuildFile section */
		4E0EACB71FEBBAFF00AFB704 /* BMViewModal.swift in Sources */ = {isa = PBXBuildFile; fileRef = 4E0EACB61FEBBAFF00AFB704 /* BMViewModal.swift */; };
		4E18B72D1FDF2A4A00C1E77B /* AppDelegate.swift in Sources */ = {isa = PBXBuildFile; fileRef = 4E18B72C1FDF2A4A00C1E77B /* AppDelegate.swift */; };
		4E18B72F1FDF2A4A00C1E77B /* MainViewController.swift in Sources */ = {isa = PBXBuildFile; fileRef = 4E18B72E1FDF2A4A00C1E77B /* MainViewController.swift */; };
		4E18B7321FDF2A4A00C1E77B /* Main.storyboard in Resources */ = {isa = PBXBuildFile; fileRef = 4E18B7301FDF2A4A00C1E77B /* Main.storyboard */; };
		4E18B7341FDF2A4A00C1E77B /* Assets.xcassets in Resources */ = {isa = PBXBuildFile; fileRef = 4E18B7331FDF2A4A00C1E77B /* Assets.xcassets */; };
		4E18B7371FDF2A4A00C1E77B /* LaunchScreen.storyboard in Resources */ = {isa = PBXBuildFile; fileRef = 4E18B7351FDF2A4A00C1E77B /* LaunchScreen.storyboard */; };
		4E18B75E1FDF370800C1E77B /* crowd-test-01.png in Resources */ = {isa = PBXBuildFile; fileRef = 4E18B75D1FDF370800C1E77B /* crowd-test-01.png */; };
		4E3257181FEAA25A0013E621 /* BMRaffleTestCase.swift in Sources */ = {isa = PBXBuildFile; fileRef = 4E3257171FEAA25A0013E621 /* BMRaffleTestCase.swift */; };
		4E32571A1FEAB3490013E621 /* BMRaffle.swift in Sources */ = {isa = PBXBuildFile; fileRef = 4E3257191FEAB3490013E621 /* BMRaffle.swift */; };
		4E32571C1FEAB4F80013E621 /* BMRaffle.swift in Sources */ = {isa = PBXBuildFile; fileRef = 4E3257191FEAB3490013E621 /* BMRaffle.swift */; };
		4E32571E1FEAF1330013E621 /* RaffleViewController.swift in Sources */ = {isa = PBXBuildFile; fileRef = 4E32571D1FEAF1330013E621 /* RaffleViewController.swift */; };
		4E32571F1FEAF1330013E621 /* RaffleViewController.swift in Sources */ = {isa = PBXBuildFile; fileRef = 4E32571D1FEAF1330013E621 /* RaffleViewController.swift */; };
		4E33A4551FE290F800BB3C7D /* Vision.framework in Frameworks */ = {isa = PBXBuildFile; fileRef = 4E33A4541FE290F700BB3C7D /* Vision.framework */; };
		4E34678C1FE134C70033775C /* BMFacesDetectorTestCase.swift in Sources */ = {isa = PBXBuildFile; fileRef = 4E34678B1FE134C70033775C /* BMFacesDetectorTestCase.swift */; };
		4E34F0E41FE7C04A003873BE /* FacesViewController.swift in Sources */ = {isa = PBXBuildFile; fileRef = 4E34F0E31FE7C04A003873BE /* FacesViewController.swift */; };
		4E34F0E71FE8091D003873BE /* BMOneFaceViewCell.swift in Sources */ = {isa = PBXBuildFile; fileRef = 4E34F0E61FE8091D003873BE /* BMOneFaceViewCell.swift */; };
		4E34F0E91FE813F1003873BE /* BMTrackedImageViewCell.swift in Sources */ = {isa = PBXBuildFile; fileRef = 4E34F0E81FE813F1003873BE /* BMTrackedImageViewCell.swift */; };
		4E355DB31FE3D9C9003B200D /* BMImageUtilities.swift in Sources */ = {isa = PBXBuildFile; fileRef = 4E355DB21FE3D9C9003B200D /* BMImageUtilities.swift */; };
		4E355DB41FE3D9C9003B200D /* BMImageUtilities.swift in Sources */ = {isa = PBXBuildFile; fileRef = 4E355DB21FE3D9C9003B200D /* BMImageUtilities.swift */; };
		4E3626FE1FE5AB6100FA1C6F /* AppUITests.swift in Sources */ = {isa = PBXBuildFile; fileRef = 4E18B74C1FDF2A4A00C1E77B /* AppUITests.swift */; };
		4E38CC991FE911CA002F8002 /* BMImagePicker.swift in Sources */ = {isa = PBXBuildFile; fileRef = 4E38CC981FE911CA002F8002 /* BMImagePicker.swift */; };
		4E38CC9D1FE9191B002F8002 /* BMImagePicker.swift in Sources */ = {isa = PBXBuildFile; fileRef = 4E38CC981FE911CA002F8002 /* BMImagePicker.swift */; };
		4E5E648F1FE84BAA00120374 /* BMFacesHearderView.swift in Sources */ = {isa = PBXBuildFile; fileRef = 4E5E648E1FE84BAA00120374 /* BMFacesHearderView.swift */; };
		4ED70C721FE2B16200129A11 /* BMFacesDetector.swift in Sources */ = {isa = PBXBuildFile; fileRef = 4ED70C711FE2B16200129A11 /* BMFacesDetector.swift */; };
		4ED70C731FE2B5F700129A11 /* BMFacesDetector.swift in Sources */ = {isa = PBXBuildFile; fileRef = 4ED70C711FE2B16200129A11 /* BMFacesDetector.swift */; };
		4ED70C751FE3570800129A11 /* BMImageUtilitiesTestCase.swift in Sources */ = {isa = PBXBuildFile; fileRef = 4ED70C741FE3570800129A11 /* BMImageUtilitiesTestCase.swift */; };
		4EE3CC851FE0A7AA00FF60D6 /* crowd-test-02.jpg in Resources */ = {isa = PBXBuildFile; fileRef = 4EE3CC841FE0A7A900FF60D6 /* crowd-test-02.jpg */; };
/* End PBXBuildFile section */

/* Begin PBXContainerItemProxy section */
		4E18B73E1FDF2A4A00C1E77B /* PBXContainerItemProxy */ = {
			isa = PBXContainerItemProxy;
			containerPortal = 4E18B7211FDF2A4A00C1E77B /* Project object */;
			proxyType = 1;
			remoteGlobalIDString = 4E18B7281FDF2A4A00C1E77B;
			remoteInfo = App;
		};
		4E18B7491FDF2A4A00C1E77B /* PBXContainerItemProxy */ = {
			isa = PBXContainerItemProxy;
			containerPortal = 4E18B7211FDF2A4A00C1E77B /* Project object */;
			proxyType = 1;
			remoteGlobalIDString = 4E18B7281FDF2A4A00C1E77B;
			remoteInfo = App;
		};
/* End PBXContainerItemProxy section */

/* Begin PBXFileReference section */
		1C83F21F7446C545E5326D9A /* Pods-CloudVisionUITests.debug.xcconfig */ = {isa = PBXFileReference; includeInIndex = 1; lastKnownFileType = text.xcconfig; name = "Pods-CloudVisionUITests.debug.xcconfig"; path = "Pods/Target Support Files/Pods-CloudVisionUITests/Pods-CloudVisionUITests.debug.xcconfig"; sourceTree = "<group>"; };
		395A857454E90C92F8173392 /* Pods-CloudVision.debug.xcconfig */ = {isa = PBXFileReference; includeInIndex = 1; lastKnownFileType = text.xcconfig; name = "Pods-CloudVision.debug.xcconfig"; path = "Pods/Target Support Files/Pods-CloudVision/Pods-CloudVision.debug.xcconfig"; sourceTree = "<group>"; };
		4E0EACB61FEBBAFF00AFB704 /* BMViewModal.swift */ = {isa = PBXFileReference; lastKnownFileType = sourcecode.swift; path = BMViewModal.swift; sourceTree = "<group>"; };
		4E18B7291FDF2A4A00C1E77B /* CloudVision.app */ = {isa = PBXFileReference; explicitFileType = wrapper.application; includeInIndex = 0; path = CloudVision.app; sourceTree = BUILT_PRODUCTS_DIR; };
		4E18B72C1FDF2A4A00C1E77B /* AppDelegate.swift */ = {isa = PBXFileReference; lastKnownFileType = sourcecode.swift; path = AppDelegate.swift; sourceTree = "<group>"; };
		4E18B72E1FDF2A4A00C1E77B /* MainViewController.swift */ = {isa = PBXFileReference; lastKnownFileType = sourcecode.swift; path = MainViewController.swift; sourceTree = "<group>"; };
		4E18B7311FDF2A4A00C1E77B /* Base */ = {isa = PBXFileReference; lastKnownFileType = file.storyboard; name = Base; path = Base.lproj/Main.storyboard; sourceTree = "<group>"; };
		4E18B7331FDF2A4A00C1E77B /* Assets.xcassets */ = {isa = PBXFileReference; lastKnownFileType = folder.assetcatalog; path = Assets.xcassets; sourceTree = "<group>"; };
		4E18B7361FDF2A4A00C1E77B /* Base */ = {isa = PBXFileReference; lastKnownFileType = file.storyboard; name = Base; path = Base.lproj/LaunchScreen.storyboard; sourceTree = "<group>"; };
		4E18B7381FDF2A4A00C1E77B /* Info.plist */ = {isa = PBXFileReference; lastKnownFileType = text.plist.xml; path = Info.plist; sourceTree = "<group>"; };
		4E18B73D1FDF2A4A00C1E77B /* CloudVisionTests.xctest */ = {isa = PBXFileReference; explicitFileType = wrapper.cfbundle; includeInIndex = 0; path = CloudVisionTests.xctest; sourceTree = BUILT_PRODUCTS_DIR; };
		4E18B7431FDF2A4A00C1E77B /* Info.plist */ = {isa = PBXFileReference; lastKnownFileType = text.plist.xml; path = Info.plist; sourceTree = "<group>"; };
		4E18B7481FDF2A4A00C1E77B /* CloudVisionUITests.xctest */ = {isa = PBXFileReference; explicitFileType = wrapper.cfbundle; includeInIndex = 0; path = CloudVisionUITests.xctest; sourceTree = BUILT_PRODUCTS_DIR; };
		4E18B74C1FDF2A4A00C1E77B /* AppUITests.swift */ = {isa = PBXFileReference; lastKnownFileType = sourcecode.swift; path = AppUITests.swift; sourceTree = "<group>"; usesTabs = 0; };
		4E18B74E1FDF2A4A00C1E77B /* Info.plist */ = {isa = PBXFileReference; lastKnownFileType = text.plist.xml; path = Info.plist; sourceTree = "<group>"; };
		4E18B75D1FDF370800C1E77B /* crowd-test-01.png */ = {isa = PBXFileReference; lastKnownFileType = image.png; path = "crowd-test-01.png"; sourceTree = "<group>"; };
		4E3257171FEAA25A0013E621 /* BMRaffleTestCase.swift */ = {isa = PBXFileReference; lastKnownFileType = sourcecode.swift; path = BMRaffleTestCase.swift; sourceTree = "<group>"; };
		4E3257191FEAB3490013E621 /* BMRaffle.swift */ = {isa = PBXFileReference; lastKnownFileType = sourcecode.swift; path = BMRaffle.swift; sourceTree = "<group>"; };
		4E32571D1FEAF1330013E621 /* RaffleViewController.swift */ = {isa = PBXFileReference; lastKnownFileType = sourcecode.swift; path = RaffleViewController.swift; sourceTree = "<group>"; };
		4E33A4541FE290F700BB3C7D /* Vision.framework */ = {isa = PBXFileReference; lastKnownFileType = wrapper.framework; name = Vision.framework; path = System/Library/Frameworks/Vision.framework; sourceTree = SDKROOT; };
		4E34678B1FE134C70033775C /* BMFacesDetectorTestCase.swift */ = {isa = PBXFileReference; lastKnownFileType = sourcecode.swift; path = BMFacesDetectorTestCase.swift; sourceTree = "<group>"; };
		4E34F0E31FE7C04A003873BE /* FacesViewController.swift */ = {isa = PBXFileReference; lastKnownFileType = sourcecode.swift; path = FacesViewController.swift; sourceTree = "<group>"; };
		4E34F0E61FE8091D003873BE /* BMOneFaceViewCell.swift */ = {isa = PBXFileReference; lastKnownFileType = sourcecode.swift; path = BMOneFaceViewCell.swift; sourceTree = "<group>"; };
		4E34F0E81FE813F1003873BE /* BMTrackedImageViewCell.swift */ = {isa = PBXFileReference; lastKnownFileType = sourcecode.swift; path = BMTrackedImageViewCell.swift; sourceTree = "<group>"; };
		4E355DB21FE3D9C9003B200D /* BMImageUtilities.swift */ = {isa = PBXFileReference; lastKnownFileType = sourcecode.swift; path = BMImageUtilities.swift; sourceTree = "<group>"; };
		4E38CC981FE911CA002F8002 /* BMImagePicker.swift */ = {isa = PBXFileReference; lastKnownFileType = sourcecode.swift; path = BMImagePicker.swift; sourceTree = "<group>"; };
		4E5E648E1FE84BAA00120374 /* BMFacesHearderView.swift */ = {isa = PBXFileReference; lastKnownFileType = sourcecode.swift; path = BMFacesHearderView.swift; sourceTree = "<group>"; };
		4ED70C711FE2B16200129A11 /* BMFacesDetector.swift */ = {isa = PBXFileReference; lastKnownFileType = sourcecode.swift; path = BMFacesDetector.swift; sourceTree = "<group>"; };
		4ED70C741FE3570800129A11 /* BMImageUtilitiesTestCase.swift */ = {isa = PBXFileReference; lastKnownFileType = sourcecode.swift; path = BMImageUtilitiesTestCase.swift; sourceTree = "<group>"; };
		4EE3CC841FE0A7A900FF60D6 /* crowd-test-02.jpg */ = {isa = PBXFileReference; lastKnownFileType = image.jpeg; path = "crowd-test-02.jpg"; sourceTree = "<group>"; };
		6F42DA7B0C8A7F51ACEFAA58 /* Pods-CloudVision.release.xcconfig */ = {isa = PBXFileReference; includeInIndex = 1; lastKnownFileType = text.xcconfig; name = "Pods-CloudVision.release.xcconfig"; path = "Pods/Target Support Files/Pods-CloudVision/Pods-CloudVision.release.xcconfig"; sourceTree = "<group>"; };
		701076AB7293BFA9D4E206E1 /* Pods-CloudVisionTests.release.xcconfig */ = {isa = PBXFileReference; includeInIndex = 1; lastKnownFileType = text.xcconfig; name = "Pods-CloudVisionTests.release.xcconfig"; path = "Pods/Target Support Files/Pods-CloudVisionTests/Pods-CloudVisionTests.release.xcconfig"; sourceTree = "<group>"; };
		719120C0EF5E3895377F50B4 /* Pods-CloudVisionTests.debug.xcconfig */ = {isa = PBXFileReference; includeInIndex = 1; lastKnownFileType = text.xcconfig; name = "Pods-CloudVisionTests.debug.xcconfig"; path = "Pods/Target Support Files/Pods-CloudVisionTests/Pods-CloudVisionTests.debug.xcconfig"; sourceTree = "<group>"; };
		93A3E3B53D61ACBA26AFFE27 /* Pods-CloudVisionUITests.release.xcconfig */ = {isa = PBXFileReference; includeInIndex = 1; lastKnownFileType = text.xcconfig; name = "Pods-CloudVisionUITests.release.xcconfig"; path = "Pods/Target Support Files/Pods-CloudVisionUITests/Pods-CloudVisionUITests.release.xcconfig"; sourceTree = "<group>"; };
/* End PBXFileReference section */

/* Begin PBXFrameworksBuildPhase section */
		61A95B95EC0DD01389628206 /* Frameworks */ = {
			isa = PBXFrameworksBuildPhase;
			buildActionMask = 2147483647;
			files = (
				4E33A4551FE290F800BB3C7D /* Vision.framework in Frameworks */,
			);
			runOnlyForDeploymentPostprocessing = 0;
		};
		986B720CE50BD898A9D5C2AE /* Frameworks */ = {
			isa = PBXFrameworksBuildPhase;
			buildActionMask = 2147483647;
			files = (
			);
			runOnlyForDeploymentPostprocessing = 0;
		};
		C86F69B5ED1DFF8A00DE7660 /* Frameworks */ = {
			isa = PBXFrameworksBuildPhase;
			buildActionMask = 2147483647;
			files = (
			);
			runOnlyForDeploymentPostprocessing = 0;
		};
/* End PBXFrameworksBuildPhase section */

/* Begin PBXGroup section */
		4E18B7201FDF2A4A00C1E77B = {
			isa = PBXGroup;
			children = (
				4E18B72B1FDF2A4A00C1E77B /* App */,
				4E18B7401FDF2A4A00C1E77B /* AppTests */,
				4E18B74B1FDF2A4A00C1E77B /* AppUITests */,
				4E18B72A1FDF2A4A00C1E77B /* Products */,
				C42FEF259F411F1929D52AB0 /* Pods */,
				9E226787EFEE24117DC4262C /* Frameworks */,
			);
			sourceTree = "<group>";
			usesTabs = 0;
		};
		4E18B72A1FDF2A4A00C1E77B /* Products */ = {
			isa = PBXGroup;
			children = (
				4E18B7291FDF2A4A00C1E77B /* CloudVision.app */,
				4E18B73D1FDF2A4A00C1E77B /* CloudVisionTests.xctest */,
				4E18B7481FDF2A4A00C1E77B /* CloudVisionUITests.xctest */,
			);
			name = Products;
			sourceTree = "<group>";
		};
		4E18B72B1FDF2A4A00C1E77B /* App */ = {
			isa = PBXGroup;
			children = (
				4E34F0E51FE80894003873BE /* Components */,
				4ED70C701FE2B12E00129A11 /* Helpers */,
				4E18B75C1FDF36ED00C1E77B /* Supporting Files */,
				4E18B72C1FDF2A4A00C1E77B /* AppDelegate.swift */,
				4E18B72E1FDF2A4A00C1E77B /* MainViewController.swift */,
				4E34F0E31FE7C04A003873BE /* FacesViewController.swift */,
				4E32571D1FEAF1330013E621 /* RaffleViewController.swift */,
				4E18B7301FDF2A4A00C1E77B /* Main.storyboard */,
				4E18B7331FDF2A4A00C1E77B /* Assets.xcassets */,
				4E18B7351FDF2A4A00C1E77B /* LaunchScreen.storyboard */,
				4E18B7381FDF2A4A00C1E77B /* Info.plist */,
			);
			path = App;
			sourceTree = "<group>";
		};
		4E18B7401FDF2A4A00C1E77B /* AppTests */ = {
			isa = PBXGroup;
			children = (
				4E18B7431FDF2A4A00C1E77B /* Info.plist */,
				4E34678B1FE134C70033775C /* BMFacesDetectorTestCase.swift */,
				4ED70C741FE3570800129A11 /* BMImageUtilitiesTestCase.swift */,
				4E3257171FEAA25A0013E621 /* BMRaffleTestCase.swift */,
			);
			path = AppTests;
			sourceTree = "<group>";
		};
		4E18B74B1FDF2A4A00C1E77B /* AppUITests */ = {
			isa = PBXGroup;
			children = (
				4E18B74C1FDF2A4A00C1E77B /* AppUITests.swift */,
				4E18B74E1FDF2A4A00C1E77B /* Info.plist */,
			);
			path = AppUITests;
			sourceTree = "<group>";
		};
		4E18B75C1FDF36ED00C1E77B /* Supporting Files */ = {
			isa = PBXGroup;
			children = (
				4E18B75D1FDF370800C1E77B /* crowd-test-01.png */,
				4EE3CC841FE0A7A900FF60D6 /* crowd-test-02.jpg */,
			);
			name = "Supporting Files";
			sourceTree = "<group>";
		};
		4E34F0E51FE80894003873BE /* Components */ = {
			isa = PBXGroup;
			children = (
				4E34F0E61FE8091D003873BE /* BMOneFaceViewCell.swift */,
				4E34F0E81FE813F1003873BE /* BMTrackedImageViewCell.swift */,
				4E5E648E1FE84BAA00120374 /* BMFacesHearderView.swift */,
				4E0EACB61FEBBAFF00AFB704 /* BMViewModal.swift */,
			);
			name = Components;
			sourceTree = "<group>";
		};
		4ED70C701FE2B12E00129A11 /* Helpers */ = {
			isa = PBXGroup;
			children = (
				4ED70C711FE2B16200129A11 /* BMFacesDetector.swift */,
				4E355DB21FE3D9C9003B200D /* BMImageUtilities.swift */,
				4E38CC981FE911CA002F8002 /* BMImagePicker.swift */,
				4E3257191FEAB3490013E621 /* BMRaffle.swift */,
			);
			path = Helpers;
			sourceTree = "<group>";
		};
		9E226787EFEE24117DC4262C /* Frameworks */ = {
			isa = PBXGroup;
			children = (
				4E33A4541FE290F700BB3C7D /* Vision.framework */,
			);
			name = Frameworks;
			sourceTree = "<group>";
		};
		C42FEF259F411F1929D52AB0 /* Pods */ = {
			isa = PBXGroup;
			children = (
				395A857454E90C92F8173392 /* Pods-CloudVision.debug.xcconfig */,
				6F42DA7B0C8A7F51ACEFAA58 /* Pods-CloudVision.release.xcconfig */,
				719120C0EF5E3895377F50B4 /* Pods-CloudVisionTests.debug.xcconfig */,
				701076AB7293BFA9D4E206E1 /* Pods-CloudVisionTests.release.xcconfig */,
				1C83F21F7446C545E5326D9A /* Pods-CloudVisionUITests.debug.xcconfig */,
				93A3E3B53D61ACBA26AFFE27 /* Pods-CloudVisionUITests.release.xcconfig */,
			);
			name = Pods;
			sourceTree = "<group>";
		};
/* End PBXGroup section */

/* Begin PBXNativeTarget section */
		4E18B7281FDF2A4A00C1E77B /* CloudVision */ = {
			isa = PBXNativeTarget;
			buildConfigurationList = 4E18B7511FDF2A4A00C1E77B /* Build configuration list for PBXNativeTarget "CloudVision" */;
			buildPhases = (
				6AC387481319CC111B4C337F /* [CP] Check Pods Manifest.lock */,
				4E18B7251FDF2A4A00C1E77B /* Sources */,
				4E18B7271FDF2A4A00C1E77B /* Resources */,
				7D3705B0ADE01FFE78DFD306 /* [CP] Copy Pods Resources */,
				61A95B95EC0DD01389628206 /* Frameworks */,
				1D631B998085CA7382DEF238 /* [CP] Embed Pods Frameworks */,
			);
			buildRules = (
			);
			dependencies = (
			);
			name = CloudVision;
			productName = App;
			productReference = 4E18B7291FDF2A4A00C1E77B /* CloudVision.app */;
			productType = "com.apple.product-type.application";
		};
		4E18B73C1FDF2A4A00C1E77B /* CloudVisionTests */ = {
			isa = PBXNativeTarget;
			buildConfigurationList = 4E18B7541FDF2A4A00C1E77B /* Build configuration list for PBXNativeTarget "CloudVisionTests" */;
			buildPhases = (
				8DE2BD4AA88FC552ED720F75 /* [CP] Check Pods Manifest.lock */,
				4E18B7391FDF2A4A00C1E77B /* Sources */,
				4E18B73B1FDF2A4A00C1E77B /* Resources */,
				F64999D148CB26429ACA8539 /* [CP] Embed Pods Frameworks */,
				4FB1BECD81C916025745F4CE /* [CP] Copy Pods Resources */,
				986B720CE50BD898A9D5C2AE /* Frameworks */,
			);
			buildRules = (
			);
			dependencies = (
				4E18B73F1FDF2A4A00C1E77B /* PBXTargetDependency */,
			);
			name = CloudVisionTests;
			productName = AppTests;
			productReference = 4E18B73D1FDF2A4A00C1E77B /* CloudVisionTests.xctest */;
			productType = "com.apple.product-type.bundle.unit-test";
		};
		4E18B7471FDF2A4A00C1E77B /* CloudVisionUITests */ = {
			isa = PBXNativeTarget;
			buildConfigurationList = 4E18B7571FDF2A4A00C1E77B /* Build configuration list for PBXNativeTarget "CloudVisionUITests" */;
			buildPhases = (
				C510F6769B5DAD1EFFF87B0E /* [CP] Check Pods Manifest.lock */,
				4E18B7441FDF2A4A00C1E77B /* Sources */,
				4E18B7461FDF2A4A00C1E77B /* Resources */,
				73E27C5F57010E5BE5C6412A /* [CP] Embed Pods Frameworks */,
				7BEDDBF594EE759DBF88E096 /* [CP] Copy Pods Resources */,
				C86F69B5ED1DFF8A00DE7660 /* Frameworks */,
			);
			buildRules = (
			);
			dependencies = (
				4E18B74A1FDF2A4A00C1E77B /* PBXTargetDependency */,
			);
			name = CloudVisionUITests;
			productName = AppUITests;
			productReference = 4E18B7481FDF2A4A00C1E77B /* CloudVisionUITests.xctest */;
			productType = "com.apple.product-type.bundle.ui-testing";
		};
/* End PBXNativeTarget section */

/* Begin PBXProject section */
		4E18B7211FDF2A4A00C1E77B /* Project object */ = {
			isa = PBXProject;
			attributes = {
				CLASSPREFIX = BM;
				LastSwiftUpdateCheck = 0920;
				LastUpgradeCheck = 0920;
				ORGANIZATIONNAME = "Breno Marques";
				TargetAttributes = {
					4E18B7281FDF2A4A00C1E77B = {
						CreatedOnToolsVersion = 9.2;
						ProvisioningStyle = Automatic;
					};
					4E18B73C1FDF2A4A00C1E77B = {
						CreatedOnToolsVersion = 9.2;
						LastSwiftMigration = 0920;
						ProvisioningStyle = Automatic;
						TestTargetID = 4E18B7281FDF2A4A00C1E77B;
					};
					4E18B7471FDF2A4A00C1E77B = {
						CreatedOnToolsVersion = 9.2;
						ProvisioningStyle = Automatic;
						TestTargetID = 4E18B7281FDF2A4A00C1E77B;
					};
				};
			};
			buildConfigurationList = 4E18B7241FDF2A4A00C1E77B /* Build configuration list for PBXProject "CloudVision" */;
			compatibilityVersion = "Xcode 8.0";
			developmentRegion = en;
			hasScannedForEncodings = 0;
			knownRegions = (
				en,
				Base,
			);
			mainGroup = 4E18B7201FDF2A4A00C1E77B;
			productRefGroup = 4E18B72A1FDF2A4A00C1E77B /* Products */;
			projectDirPath = "";
			projectRoot = "";
			targets = (
				4E18B7281FDF2A4A00C1E77B /* CloudVision */,
				4E18B73C1FDF2A4A00C1E77B /* CloudVisionTests */,
				4E18B7471FDF2A4A00C1E77B /* CloudVisionUITests */,
			);
		};
/* End PBXProject section */

/* Begin PBXResourcesBuildPhase section */
		4E18B7271FDF2A4A00C1E77B /* Resources */ = {
			isa = PBXResourcesBuildPhase;
			buildActionMask = 2147483647;
			files = (
				4E18B75E1FDF370800C1E77B /* crowd-test-01.png in Resources */,
				4E18B7371FDF2A4A00C1E77B /* LaunchScreen.storyboard in Resources */,
				4EE3CC851FE0A7AA00FF60D6 /* crowd-test-02.jpg in Resources */,
				4E18B7341FDF2A4A00C1E77B /* Assets.xcassets in Resources */,
				4E18B7321FDF2A4A00C1E77B /* Main.storyboard in Resources */,
			);
			runOnlyForDeploymentPostprocessing = 0;
		};
		4E18B73B1FDF2A4A00C1E77B /* Resources */ = {
			isa = PBXResourcesBuildPhase;
			buildActionMask = 2147483647;
			files = (
			);
			runOnlyForDeploymentPostprocessing = 0;
		};
		4E18B7461FDF2A4A00C1E77B /* Resources */ = {
			isa = PBXResourcesBuildPhase;
			buildActionMask = 2147483647;
			files = (
			);
			runOnlyForDeploymentPostprocessing = 0;
		};
/* End PBXResourcesBuildPhase section */

/* Begin PBXShellScriptBuildPhase section */
		1D631B998085CA7382DEF238 /* [CP] Embed Pods Frameworks */ = {
			isa = PBXShellScriptBuildPhase;
			buildActionMask = 2147483647;
			files = (
			);
			inputPaths = (
			);
			name = "[CP] Embed Pods Frameworks";
			outputPaths = (
			);
			runOnlyForDeploymentPostprocessing = 0;
			shellPath = /bin/sh;
			shellScript = "\"${SRCROOT}/Pods/Target Support Files/Pods-CloudVision/Pods-CloudVision-frameworks.sh\"\n";
			showEnvVarsInLog = 0;
		};
		4FB1BECD81C916025745F4CE /* [CP] Copy Pods Resources */ = {
			isa = PBXShellScriptBuildPhase;
			buildActionMask = 2147483647;
			files = (
			);
			inputPaths = (
			);
			name = "[CP] Copy Pods Resources";
			outputPaths = (
			);
			runOnlyForDeploymentPostprocessing = 0;
			shellPath = /bin/sh;
			shellScript = "\"${SRCROOT}/Pods/Target Support Files/Pods-CloudVisionTests/Pods-CloudVisionTests-resources.sh\"\n";
			showEnvVarsInLog = 0;
		};
		6AC387481319CC111B4C337F /* [CP] Check Pods Manifest.lock */ = {
			isa = PBXShellScriptBuildPhase;
			buildActionMask = 2147483647;
			files = (
			);
			inputPaths = (
				"${PODS_PODFILE_DIR_PATH}/Podfile.lock",
				"${PODS_ROOT}/Manifest.lock",
			);
			name = "[CP] Check Pods Manifest.lock";
			outputPaths = (
				"$(DERIVED_FILE_DIR)/Pods-CloudVision-checkManifestLockResult.txt",
			);
			runOnlyForDeploymentPostprocessing = 0;
			shellPath = /bin/sh;
			shellScript = "diff \"${PODS_PODFILE_DIR_PATH}/Podfile.lock\" \"${PODS_ROOT}/Manifest.lock\" > /dev/null\nif [ $? != 0 ] ; then\n    # print error to STDERR\n    echo \"error: The sandbox is not in sync with the Podfile.lock. Run 'pod install' or update your CocoaPods installation.\" >&2\n    exit 1\nfi\n# This output is used by Xcode 'outputs' to avoid re-running this script phase.\necho \"SUCCESS\" > \"${SCRIPT_OUTPUT_FILE_0}\"\n";
			showEnvVarsInLog = 0;
		};
		73E27C5F57010E5BE5C6412A /* [CP] Embed Pods Frameworks */ = {
			isa = PBXShellScriptBuildPhase;
			buildActionMask = 2147483647;
			files = (
			);
			inputPaths = (
			);
			name = "[CP] Embed Pods Frameworks";
			outputPaths = (
			);
			runOnlyForDeploymentPostprocessing = 0;
			shellPath = /bin/sh;
			shellScript = "\"${SRCROOT}/Pods/Target Support Files/Pods-CloudVisionUITests/Pods-CloudVisionUITests-frameworks.sh\"\n";
			showEnvVarsInLog = 0;
		};
		7BEDDBF594EE759DBF88E096 /* [CP] Copy Pods Resources */ = {
			isa = PBXShellScriptBuildPhase;
			buildActionMask = 2147483647;
			files = (
			);
			inputPaths = (
			);
			name = "[CP] Copy Pods Resources";
			outputPaths = (
			);
			runOnlyForDeploymentPostprocessing = 0;
			shellPath = /bin/sh;
			shellScript = "\"${SRCROOT}/Pods/Target Support Files/Pods-CloudVisionUITests/Pods-CloudVisionUITests-resources.sh\"\n";
			showEnvVarsInLog = 0;
		};
		7D3705B0ADE01FFE78DFD306 /* [CP] Copy Pods Resources */ = {
			isa = PBXShellScriptBuildPhase;
			buildActionMask = 2147483647;
			files = (
			);
			inputPaths = (
				"${SRCROOT}/Pods/Target Support Files/Pods-CloudVision/Pods-CloudVision-resources.sh",
				"${PODS_ROOT}/GoogleMobileVision/FaceDetector/Resources/BCLjoy_100.emd",
				"${PODS_ROOT}/GoogleMobileVision/FaceDetector/Resources/BCLlefteyeclosed_200.emd",
				"${PODS_ROOT}/GoogleMobileVision/FaceDetector/Resources/BCLrighteyeclosed_200.emd",
				"${PODS_ROOT}/GoogleMobileVision/FaceDetector/Resources/LMprec_600.emd",
				"${PODS_ROOT}/GoogleMobileVision/FaceDetector/Resources/MFTprec_202.emd",
				"${PODS_ROOT}/GoogleMobileVision/FaceDetector/Resources/PFFprec_702.emd",
			);
			name = "[CP] Copy Pods Resources";
			outputPaths = (
				"${TARGET_BUILD_DIR}/${UNLOCALIZED_RESOURCES_FOLDER_PATH}",
			);
			runOnlyForDeploymentPostprocessing = 0;
			shellPath = /bin/sh;
			shellScript = "\"${SRCROOT}/Pods/Target Support Files/Pods-CloudVision/Pods-CloudVision-resources.sh\"\n";
			showEnvVarsInLog = 0;
		};
		8DE2BD4AA88FC552ED720F75 /* [CP] Check Pods Manifest.lock */ = {
			isa = PBXShellScriptBuildPhase;
			buildActionMask = 2147483647;
			files = (
			);
			inputPaths = (
				"${PODS_PODFILE_DIR_PATH}/Podfile.lock",
				"${PODS_ROOT}/Manifest.lock",
			);
			name = "[CP] Check Pods Manifest.lock";
			outputPaths = (
				"$(DERIVED_FILE_DIR)/Pods-CloudVisionTests-checkManifestLockResult.txt",
			);
			runOnlyForDeploymentPostprocessing = 0;
			shellPath = /bin/sh;
			shellScript = "diff \"${PODS_PODFILE_DIR_PATH}/Podfile.lock\" \"${PODS_ROOT}/Manifest.lock\" > /dev/null\nif [ $? != 0 ] ; then\n    # print error to STDERR\n    echo \"error: The sandbox is not in sync with the Podfile.lock. Run 'pod install' or update your CocoaPods installation.\" >&2\n    exit 1\nfi\n# This output is used by Xcode 'outputs' to avoid re-running this script phase.\necho \"SUCCESS\" > \"${SCRIPT_OUTPUT_FILE_0}\"\n";
			showEnvVarsInLog = 0;
		};
		C510F6769B5DAD1EFFF87B0E /* [CP] Check Pods Manifest.lock */ = {
			isa = PBXShellScriptBuildPhase;
			buildActionMask = 2147483647;
			files = (
			);
			inputPaths = (
				"${PODS_PODFILE_DIR_PATH}/Podfile.lock",
				"${PODS_ROOT}/Manifest.lock",
			);
			name = "[CP] Check Pods Manifest.lock";
			outputPaths = (
				"$(DERIVED_FILE_DIR)/Pods-CloudVisionUITests-checkManifestLockResult.txt",
			);
			runOnlyForDeploymentPostprocessing = 0;
			shellPath = /bin/sh;
			shellScript = "diff \"${PODS_PODFILE_DIR_PATH}/Podfile.lock\" \"${PODS_ROOT}/Manifest.lock\" > /dev/null\nif [ $? != 0 ] ; then\n    # print error to STDERR\n    echo \"error: The sandbox is not in sync with the Podfile.lock. Run 'pod install' or update your CocoaPods installation.\" >&2\n    exit 1\nfi\n# This output is used by Xcode 'outputs' to avoid re-running this script phase.\necho \"SUCCESS\" > \"${SCRIPT_OUTPUT_FILE_0}\"\n";
			showEnvVarsInLog = 0;
		};
		F64999D148CB26429ACA8539 /* [CP] Embed Pods Frameworks */ = {
			isa = PBXShellScriptBuildPhase;
			buildActionMask = 2147483647;
			files = (
			);
			inputPaths = (
			);
			name = "[CP] Embed Pods Frameworks";
			outputPaths = (
			);
			runOnlyForDeploymentPostprocessing = 0;
			shellPath = /bin/sh;
			shellScript = "\"${SRCROOT}/Pods/Target Support Files/Pods-CloudVisionTests/Pods-CloudVisionTests-frameworks.sh\"\n";
			showEnvVarsInLog = 0;
		};
/* End PBXShellScriptBuildPhase section */

/* Begin PBXSourcesBuildPhase section */
		4E18B7251FDF2A4A00C1E77B /* Sources */ = {
			isa = PBXSourcesBuildPhase;
			buildActionMask = 2147483647;
			files = (
				4E18B72F1FDF2A4A00C1E77B /* MainViewController.swift in Sources */,
				4ED70C721FE2B16200129A11 /* BMFacesDetector.swift in Sources */,
				4E32571E1FEAF1330013E621 /* RaffleViewController.swift in Sources */,
				4E0EACB71FEBBAFF00AFB704 /* BMViewModal.swift in Sources */,
				4E34F0E41FE7C04A003873BE /* FacesViewController.swift in Sources */,
				4E18B72D1FDF2A4A00C1E77B /* AppDelegate.swift in Sources */,
				4E355DB31FE3D9C9003B200D /* BMImageUtilities.swift in Sources */,
				4E34F0E91FE813F1003873BE /* BMTrackedImageViewCell.swift in Sources */,
				4E32571A1FEAB3490013E621 /* BMRaffle.swift in Sources */,
				4E38CC991FE911CA002F8002 /* BMImagePicker.swift in Sources */,
				4E5E648F1FE84BAA00120374 /* BMFacesHearderView.swift in Sources */,
				4E34F0E71FE8091D003873BE /* BMOneFaceViewCell.swift in Sources */,
			);
			runOnlyForDeploymentPostprocessing = 0;
		};
		4E18B7391FDF2A4A00C1E77B /* Sources */ = {
			isa = PBXSourcesBuildPhase;
			buildActionMask = 2147483647;
			files = (
				4E34678C1FE134C70033775C /* BMFacesDetectorTestCase.swift in Sources */,
				4ED70C751FE3570800129A11 /* BMImageUtilitiesTestCase.swift in Sources */,
				4ED70C731FE2B5F700129A11 /* BMFacesDetector.swift in Sources */,
				4E3257181FEAA25A0013E621 /* BMRaffleTestCase.swift in Sources */,
				4E32571C1FEAB4F80013E621 /* BMRaffle.swift in Sources */,
				4E32571F1FEAF1330013E621 /* RaffleViewController.swift in Sources */,
				4E355DB41FE3D9C9003B200D /* BMImageUtilities.swift in Sources */,
			);
			runOnlyForDeploymentPostprocessing = 0;
		};
		4E18B7441FDF2A4A00C1E77B /* Sources */ = {
			isa = PBXSourcesBuildPhase;
			buildActionMask = 2147483647;
			files = (
				4E38CC9D1FE9191B002F8002 /* BMImagePicker.swift in Sources */,
				4E3626FE1FE5AB6100FA1C6F /* AppUITests.swift in Sources */,
			);
			runOnlyForDeploymentPostprocessing = 0;
		};
/* End PBXSourcesBuildPhase section */

/* Begin PBXTargetDependency section */
		4E18B73F1FDF2A4A00C1E77B /* PBXTargetDependency */ = {
			isa = PBXTargetDependency;
			target = 4E18B7281FDF2A4A00C1E77B /* CloudVision */;
			targetProxy = 4E18B73E1FDF2A4A00C1E77B /* PBXContainerItemProxy */;
		};
		4E18B74A1FDF2A4A00C1E77B /* PBXTargetDependency */ = {
			isa = PBXTargetDependency;
			target = 4E18B7281FDF2A4A00C1E77B /* CloudVision */;
			targetProxy = 4E18B7491FDF2A4A00C1E77B /* PBXContainerItemProxy */;
		};
/* End PBXTargetDependency section */

/* Begin PBXVariantGroup section */
		4E18B7301FDF2A4A00C1E77B /* Main.storyboard */ = {
			isa = PBXVariantGroup;
			children = (
				4E18B7311FDF2A4A00C1E77B /* Base */,
			);
			name = Main.storyboard;
			sourceTree = "<group>";
		};
		4E18B7351FDF2A4A00C1E77B /* LaunchScreen.storyboard */ = {
			isa = PBXVariantGroup;
			children = (
				4E18B7361FDF2A4A00C1E77B /* Base */,
			);
			name = LaunchScreen.storyboard;
			sourceTree = "<group>";
		};
/* End PBXVariantGroup section */

/* Begin XCBuildConfiguration section */
		4E18B74F1FDF2A4A00C1E77B /* Debug */ = {
			isa = XCBuildConfiguration;
			buildSettings = {
				ALWAYS_SEARCH_USER_PATHS = NO;
				CLANG_ANALYZER_NONNULL = YES;
				CLANG_ANALYZER_NUMBER_OBJECT_CONVERSION = YES_AGGRESSIVE;
				CLANG_CXX_LANGUAGE_STANDARD = "gnu++14";
				CLANG_CXX_LIBRARY = "libc++";
				CLANG_ENABLE_MODULES = YES;
				CLANG_ENABLE_OBJC_ARC = YES;
				CLANG_WARN_BLOCK_CAPTURE_AUTORELEASING = YES;
				CLANG_WARN_BOOL_CONVERSION = YES;
				CLANG_WARN_COMMA = YES;
				CLANG_WARN_CONSTANT_CONVERSION = YES;
				CLANG_WARN_DIRECT_OBJC_ISA_USAGE = YES_ERROR;
				CLANG_WARN_DOCUMENTATION_COMMENTS = YES;
				CLANG_WARN_EMPTY_BODY = YES;
				CLANG_WARN_ENUM_CONVERSION = YES;
				CLANG_WARN_INFINITE_RECURSION = YES;
				CLANG_WARN_INT_CONVERSION = YES;
				CLANG_WARN_NON_LITERAL_NULL_CONVERSION = YES;
				CLANG_WARN_OBJC_LITERAL_CONVERSION = YES;
				CLANG_WARN_OBJC_ROOT_CLASS = YES_ERROR;
				CLANG_WARN_RANGE_LOOP_ANALYSIS = YES;
				CLANG_WARN_STRICT_PROTOTYPES = YES;
				CLANG_WARN_SUSPICIOUS_MOVE = YES;
				CLANG_WARN_UNGUARDED_AVAILABILITY = YES_AGGRESSIVE;
				CLANG_WARN_UNREACHABLE_CODE = YES;
				CLANG_WARN__DUPLICATE_METHOD_MATCH = YES;
				CODE_SIGN_IDENTITY = "iPhone Developer";
				COPY_PHASE_STRIP = NO;
				DEBUG_INFORMATION_FORMAT = dwarf;
				ENABLE_STRICT_OBJC_MSGSEND = YES;
				ENABLE_TESTABILITY = YES;
				GCC_C_LANGUAGE_STANDARD = gnu11;
				GCC_DYNAMIC_NO_PIC = NO;
				GCC_NO_COMMON_BLOCKS = YES;
				GCC_OPTIMIZATION_LEVEL = 0;
				GCC_PREPROCESSOR_DEFINITIONS = (
					"DEBUG=1",
					"$(inherited)",
				);
				GCC_WARN_64_TO_32_BIT_CONVERSION = YES;
				GCC_WARN_ABOUT_RETURN_TYPE = YES_ERROR;
				GCC_WARN_UNDECLARED_SELECTOR = YES;
				GCC_WARN_UNINITIALIZED_AUTOS = YES_AGGRESSIVE;
				GCC_WARN_UNUSED_FUNCTION = YES;
				GCC_WARN_UNUSED_VARIABLE = YES;
				IPHONEOS_DEPLOYMENT_TARGET = 11.2;
				MTL_ENABLE_DEBUG_INFO = YES;
				ONLY_ACTIVE_ARCH = YES;
				SDKROOT = iphoneos;
				SWIFT_ACTIVE_COMPILATION_CONDITIONS = DEBUG;
				SWIFT_OPTIMIZATION_LEVEL = "-Onone";
			};
			name = Debug;
		};
		4E18B7501FDF2A4A00C1E77B /* Release */ = {
			isa = XCBuildConfiguration;
			buildSettings = {
				ALWAYS_SEARCH_USER_PATHS = NO;
				CLANG_ANALYZER_NONNULL = YES;
				CLANG_ANALYZER_NUMBER_OBJECT_CONVERSION = YES_AGGRESSIVE;
				CLANG_CXX_LANGUAGE_STANDARD = "gnu++14";
				CLANG_CXX_LIBRARY = "libc++";
				CLANG_ENABLE_MODULES = YES;
				CLANG_ENABLE_OBJC_ARC = YES;
				CLANG_WARN_BLOCK_CAPTURE_AUTORELEASING = YES;
				CLANG_WARN_BOOL_CONVERSION = YES;
				CLANG_WARN_COMMA = YES;
				CLANG_WARN_CONSTANT_CONVERSION = YES;
				CLANG_WARN_DIRECT_OBJC_ISA_USAGE = YES_ERROR;
				CLANG_WARN_DOCUMENTATION_COMMENTS = YES;
				CLANG_WARN_EMPTY_BODY = YES;
				CLANG_WARN_ENUM_CONVERSION = YES;
				CLANG_WARN_INFINITE_RECURSION = YES;
				CLANG_WARN_INT_CONVERSION = YES;
				CLANG_WARN_NON_LITERAL_NULL_CONVERSION = YES;
				CLANG_WARN_OBJC_LITERAL_CONVERSION = YES;
				CLANG_WARN_OBJC_ROOT_CLASS = YES_ERROR;
				CLANG_WARN_RANGE_LOOP_ANALYSIS = YES;
				CLANG_WARN_STRICT_PROTOTYPES = YES;
				CLANG_WARN_SUSPICIOUS_MOVE = YES;
				CLANG_WARN_UNGUARDED_AVAILABILITY = YES_AGGRESSIVE;
				CLANG_WARN_UNREACHABLE_CODE = YES;
				CLANG_WARN__DUPLICATE_METHOD_MATCH = YES;
				CODE_SIGN_IDENTITY = "iPhone Developer";
				COPY_PHASE_STRIP = NO;
				DEBUG_INFORMATION_FORMAT = "dwarf-with-dsym";
				ENABLE_NS_ASSERTIONS = NO;
				ENABLE_STRICT_OBJC_MSGSEND = YES;
				GCC_C_LANGUAGE_STANDARD = gnu11;
				GCC_NO_COMMON_BLOCKS = YES;
				GCC_WARN_64_TO_32_BIT_CONVERSION = YES;
				GCC_WARN_ABOUT_RETURN_TYPE = YES_ERROR;
				GCC_WARN_UNDECLARED_SELECTOR = YES;
				GCC_WARN_UNINITIALIZED_AUTOS = YES_AGGRESSIVE;
				GCC_WARN_UNUSED_FUNCTION = YES;
				GCC_WARN_UNUSED_VARIABLE = YES;
				IPHONEOS_DEPLOYMENT_TARGET = 11.2;
				MTL_ENABLE_DEBUG_INFO = NO;
				SDKROOT = iphoneos;
				SWIFT_OPTIMIZATION_LEVEL = "-Owholemodule";
				VALIDATE_PRODUCT = YES;
			};
			name = Release;
		};
		4E18B7521FDF2A4A00C1E77B /* Debug */ = {
			isa = XCBuildConfiguration;
			baseConfigurationReference = 395A857454E90C92F8173392 /* Pods-CloudVision.debug.xcconfig */;
			buildSettings = {
				ASSETCATALOG_COMPILER_APPICON_NAME = AppIcon;
				CODE_SIGN_STYLE = Automatic;
				DEVELOPMENT_TEAM = C6SAH6V3VF;
				INFOPLIST_FILE = App/Info.plist;
				LD_RUNPATH_SEARCH_PATHS = "$(inherited) @executable_path/Frameworks";
				PRODUCT_BUNDLE_IDENTIFIER = br.com.brolam.CloudVision;
				PRODUCT_NAME = "$(TARGET_NAME)";
				SWIFT_VERSION = 4.0;
				TARGETED_DEVICE_FAMILY = 1;
			};
			name = Debug;
		};
		4E18B7531FDF2A4A00C1E77B /* Release */ = {
			isa = XCBuildConfiguration;
			baseConfigurationReference = 6F42DA7B0C8A7F51ACEFAA58 /* Pods-CloudVision.release.xcconfig */;
			buildSettings = {
				ASSETCATALOG_COMPILER_APPICON_NAME = AppIcon;
				CODE_SIGN_STYLE = Automatic;
				DEVELOPMENT_TEAM = C6SAH6V3VF;
				INFOPLIST_FILE = App/Info.plist;
				LD_RUNPATH_SEARCH_PATHS = "$(inherited) @executable_path/Frameworks";
				PRODUCT_BUNDLE_IDENTIFIER = br.com.brolam.CloudVision;
				PRODUCT_NAME = "$(TARGET_NAME)";
				SWIFT_VERSION = 4.0;
				TARGETED_DEVICE_FAMILY = 1;
			};
			name = Release;
		};
		4E18B7551FDF2A4A00C1E77B /* Debug */ = {
			isa = XCBuildConfiguration;
			baseConfigurationReference = 719120C0EF5E3895377F50B4 /* Pods-CloudVisionTests.debug.xcconfig */;
			buildSettings = {
				ALWAYS_EMBED_SWIFT_STANDARD_LIBRARIES = YES;
				BUNDLE_LOADER = "$(TEST_HOST)";
				CLANG_ENABLE_MODULES = YES;
				CODE_SIGN_STYLE = Automatic;
				DEVELOPMENT_TEAM = C6SAH6V3VF;
				INFOPLIST_FILE = AppTests/Info.plist;
				LD_RUNPATH_SEARCH_PATHS = "$(inherited) @executable_path/Frameworks @loader_path/Frameworks";
				PRODUCT_BUNDLE_IDENTIFIER = br.com.brolam.AppTests;
				PRODUCT_NAME = "$(TARGET_NAME)";
				SWIFT_OPTIMIZATION_LEVEL = "-Onone";
				SWIFT_VERSION = 4.0;
				TARGETED_DEVICE_FAMILY = "1,2";
				TEST_HOST = "$(BUILT_PRODUCTS_DIR)/CloudVision.app/CloudVision";
			};
			name = Debug;
		};
		4E18B7561FDF2A4A00C1E77B /* Release */ = {
			isa = XCBuildConfiguration;
			baseConfigurationReference = 701076AB7293BFA9D4E206E1 /* Pods-CloudVisionTests.release.xcconfig */;
			buildSettings = {
				ALWAYS_EMBED_SWIFT_STANDARD_LIBRARIES = YES;
				BUNDLE_LOADER = "$(TEST_HOST)";
				CLANG_ENABLE_MODULES = YES;
				CODE_SIGN_STYLE = Automatic;
				DEVELOPMENT_TEAM = C6SAH6V3VF;
				INFOPLIST_FILE = AppTests/Info.plist;
				LD_RUNPATH_SEARCH_PATHS = "$(inherited) @executable_path/Frameworks @loader_path/Frameworks";
				PRODUCT_BUNDLE_IDENTIFIER = br.com.brolam.AppTests;
				PRODUCT_NAME = "$(TARGET_NAME)";
				SWIFT_VERSION = 4.0;
				TARGETED_DEVICE_FAMILY = "1,2";
				TEST_HOST = "$(BUILT_PRODUCTS_DIR)/CloudVision.app/CloudVision";
			};
			name = Release;
		};
		4E18B7581FDF2A4A00C1E77B /* Debug */ = {
			isa = XCBuildConfiguration;
			baseConfigurationReference = 1C83F21F7446C545E5326D9A /* Pods-CloudVisionUITests.debug.xcconfig */;
			buildSettings = {
				ALWAYS_EMBED_SWIFT_STANDARD_LIBRARIES = YES;
				CODE_SIGN_STYLE = Automatic;
				DEVELOPMENT_TEAM = C6SAH6V3VF;
				INFOPLIST_FILE = AppUITests/Info.plist;
				LD_RUNPATH_SEARCH_PATHS = "$(inherited) @executable_path/Frameworks @loader_path/Frameworks";
				PRODUCT_BUNDLE_IDENTIFIER = br.com.brolam.AppUITests;
				PRODUCT_NAME = "$(TARGET_NAME)";
				PROVISIONING_PROFILE = "";
				SWIFT_VERSION = 4.0;
				TARGETED_DEVICE_FAMILY = "1,2";
				TEST_TARGET_NAME = CloudVision;
			};
			name = Debug;
		};
		4E18B7591FDF2A4A00C1E77B /* Release */ = {
			isa = XCBuildConfiguration;
			baseConfigurationReference = 93A3E3B53D61ACBA26AFFE27 /* Pods-CloudVisionUITests.release.xcconfig */;
			buildSettings = {
				ALWAYS_EMBED_SWIFT_STANDARD_LIBRARIES = YES;
				CODE_SIGN_STYLE = Automatic;
				DEVELOPMENT_TEAM = C6SAH6V3VF;
				INFOPLIST_FILE = AppUITests/Info.plist;
				LD_RUNPATH_SEARCH_PATHS = "$(inherited) @executable_path/Frameworks @loader_path/Frameworks";
				PRODUCT_BUNDLE_IDENTIFIER = br.com.brolam.AppUITests;
				PRODUCT_NAME = "$(TARGET_NAME)";
				PROVISIONING_PROFILE = "";
				SWIFT_VERSION = 4.0;
				TARGETED_DEVICE_FAMILY = "1,2";
				TEST_TARGET_NAME = CloudVision;
			};
			name = Release;
		};
/* End XCBuildConfiguration section */

/* Begin XCConfigurationList section */
		4E18B7241FDF2A4A00C1E77B /* Build configuration list for PBXProject "CloudVision" */ = {
			isa = XCConfigurationList;
			buildConfigurations = (
				4E18B74F1FDF2A4A00C1E77B /* Debug */,
				4E18B7501FDF2A4A00C1E77B /* Release */,
			);
			defaultConfigurationIsVisible = 0;
			defaultConfigurationName = Release;
		};
		4E18B7511FDF2A4A00C1E77B /* Build configuration list for PBXNativeTarget "CloudVision" */ = {
			isa = XCConfigurationList;
			buildConfigurations = (
				4E18B7521FDF2A4A00C1E77B /* Debug */,
				4E18B7531FDF2A4A00C1E77B /* Release */,
			);
			defaultConfigurationIsVisible = 0;
			defaultConfigurationName = Release;
		};
		4E18B7541FDF2A4A00C1E77B /* Build configuration list for PBXNativeTarget "CloudVisionTests" */ = {
			isa = XCConfigurationList;
			buildConfigurations = (
				4E18B7551FDF2A4A00C1E77B /* Debug */,
				4E18B7561FDF2A4A00C1E77B /* Release */,
			);
			defaultConfigurationIsVisible = 0;
			defaultConfigurationName = Release;
		};
		4E18B7571FDF2A4A00C1E77B /* Build configuration list for PBXNativeTarget "CloudVisionUITests" */ = {
			isa = XCConfigurationList;
			buildConfigurations = (
				4E18B7581FDF2A4A00C1E77B /* Debug */,
				4E18B7591FDF2A4A00C1E77B /* Release */,
			);
			defaultConfigurationIsVisible = 0;
			defaultConfigurationName = Release;
		};
/* End XCConfigurationList section */
	};
	rootObject = 4E18B7211FDF2A4A00C1E77B /* Project object */;
}
